// !$*UTF8*$!
{
	archiveVersion = 1;
	classes = {
	};
	objectVersion = 77;
	objects = {

/* Begin PBXContainerItemProxy section */
		DDAF158C2E4E2C5700CC99ED /* PBXContainerItemProxy */ = {
			isa = PBXContainerItemProxy;
			containerPortal = DDAF15732E4E2C5600CC99ED /* Project object */;
			proxyType = 1;
			remoteGlobalIDString = DDAF157A2E4E2C5600CC99ED;
			remoteInfo = MyIntentApp;
		};
		DDAF15962E4E2C5700CC99ED /* PBXContainerItemProxy */ = {
			isa = PBXContainerItemProxy;
			containerPortal = DDAF15732E4E2C5600CC99ED /* Project object */;
			proxyType = 1;
			remoteGlobalIDString = DDAF157A2E4E2C5600CC99ED;
			remoteInfo = MyIntentApp;
		};
/* End PBXContainerItemProxy section */

/* Begin PBXFileReference section */
		DDAF157B2E4E2C5600CC99ED /* MyIntentApp.app */ = {isa = PBXFileReference; explicitFileType = wrapper.application; includeInIndex = 0; path = MyIntentApp.app; sourceTree = BUILT_PRODUCTS_DIR; };
		DDAF158B2E4E2C5700CC99ED /* MyIntentAppTests.xctest */ = {isa = PBXFileReference; explicitFileType = wrapper.cfbundle; includeInIndex = 0; path = MyIntentAppTests.xctest; sourceTree = BUILT_PRODUCTS_DIR; };
		DDAF15952E4E2C5700CC99ED /* MyIntentAppUITests.xctest */ = {isa = PBXFileReference; explicitFileType = wrapper.cfbundle; includeInIndex = 0; path = MyIntentAppUITests.xctest; sourceTree = BUILT_PRODUCTS_DIR; };
/* End PBXFileReference section */

/* Begin PBXFileSystemSynchronizedBuildFileExceptionSet section */
		DDF3D5C62E4E38C1003A5E73 /* Exceptions for "MyIntentApp" folder in "MyIntentApp" target */ = {
			isa = PBXFileSystemSynchronizedBuildFileExceptionSet;
			membershipExceptions = (
				Info.plist,
			);
			target = DDAF157A2E4E2C5600CC99ED /* MyIntentApp */;
		};
/* End PBXFileSystemSynchronizedBuildFileExceptionSet section */

/* Begin PBXFileSystemSynchronizedRootGroup section */
		DDAF157D2E4E2C5600CC99ED /* MyIntentApp */ = {
			isa = PBXFileSystemSynchronizedRootGroup;
			exceptions = (
				DDF3D5C62E4E38C1003A5E73 /* Exceptions for "MyIntentApp" folder in "MyIntentApp" target */,
			);
			path = MyIntentApp;
			sourceTree = "<group>";
		};
		DDAF158E2E4E2C5700CC99ED /* MyIntentAppTests */ = {
			isa = PBXFileSystemSynchronizedRootGroup;
			path = MyIntentAppTests;
			sourceTree = "<group>";
		};
		DDAF15982E4E2C5700CC99ED /* MyIntentAppUITests */ = {
			isa = PBXFileSystemSynchronizedRootGroup;
			path = MyIntentAppUITests;
			sourceTree = "<group>";
		};
/* End PBXFileSystemSynchronizedRootGroup section */

/* Begin PBXFrameworksBuildPhase section */
		DDAF15782E4E2C5600CC99ED /* Frameworks */ = {
			isa = PBXFrameworksBuildPhase;
			buildActionMask = 2147483647;
			files = (
			);
			runOnlyForDeploymentPostprocessing = 0;
		};
		DDAF15882E4E2C5700CC99ED /* Frameworks */ = {
			isa = PBXFrameworksBuildPhase;
			buildActionMask = 2147483647;
			files = (
			);
			runOnlyForDeploymentPostprocessing = 0;
		};
		DDAF15922E4E2C5700CC99ED /* Frameworks */ = {
			isa = PBXFrameworksBuildPhase;
			buildActionMask = 2147483647;
			files = (
			);
			runOnlyForDeploymentPostprocessing = 0;
		};
/* End PBXFrameworksBuildPhase section */

/* Begin PBXGroup section */
		DDAF15722E4E2C5600CC99ED = {
			isa = PBXGroup;
			children = (
				DDAF157D2E4E2C5600CC99ED /* MyIntentApp */,
				DDAF158E2E4E2C5700CC99ED /* MyIntentAppTests */,
				DDAF15982E4E2C5700CC99ED /* MyIntentAppUITests */,
				DDAF157C2E4E2C5600CC99ED /* Products */,
			);
			sourceTree = "<group>";
		};
		DDAF157C2E4E2C5600CC99ED /* Products */ = {
			isa = PBXGroup;
			children = (
				DDAF157B2E4E2C5600CC99ED /* MyIntentApp.app */,
				DDAF158B2E4E2C5700CC99ED /* MyIntentAppTests.xctest */,
				DDAF15952E4E2C5700CC99ED /* MyIntentAppUITests.xctest */,
			);
			name = Products;
			sourceTree = "<group>";
		};
/* End PBXGroup section */

/* Begin PBXNativeTarget section */
		DDAF157A2E4E2C5600CC99ED /* MyIntentApp */ = {
			isa = PBXNativeTarget;
			buildConfigurationList = DDAF159F2E4E2C5700CC99ED /* Build configuration list for PBXNativeTarget "MyIntentApp" */;
			buildPhases = (
				DDAF15772E4E2C5600CC99ED /* Sources */,
				DDAF15782E4E2C5600CC99ED /* Frameworks */,
				DDAF15792E4E2C5600CC99ED /* Resources */,
			);
			buildRules = (
			);
			dependencies = (
			);
			fileSystemSynchronizedGroups = (
				DDAF157D2E4E2C5600CC99ED /* MyIntentApp */,
			);
			name = MyIntentApp;
			packageProductDependencies = (
			);
			productName = MyIntentApp;
			productReference = DDAF157B2E4E2C5600CC99ED /* MyIntentApp.app */;
			productType = "com.apple.product-type.application";
		};
		DDAF158A2E4E2C5700CC99ED /* MyIntentAppTests */ = {
			isa = PBXNativeTarget;
			buildConfigurationList = DDAF15A22E4E2C5700CC99ED /* Build configuration list for PBXNativeTarget "MyIntentAppTests" */;
			buildPhases = (
				DDAF15872E4E2C5700CC99ED /* Sources */,
				DDAF15882E4E2C5700CC99ED /* Frameworks */,
				DDAF15892E4E2C5700CC99ED /* Resources */,
			);
			buildRules = (
			);
			dependencies = (
				DDAF158D2E4E2C5700CC99ED /* PBXTargetDependency */,
			);
			fileSystemSynchronizedGroups = (
				DDAF158E2E4E2C5700CC99ED /* MyIntentAppTests */,
			);
			name = MyIntentAppTests;
			packageProductDependencies = (
			);
			productName = MyIntentAppTests;
			productReference = DDAF158B2E4E2C5700CC99ED /* MyIntentAppTests.xctest */;
			productType = "com.apple.product-type.bundle.unit-test";
		};
		DDAF15942E4E2C5700CC99ED /* MyIntentAppUITests */ = {
			isa = PBXNativeTarget;
			buildConfigurationList = DDAF15A52E4E2C5700CC99ED /* Build configuration list for PBXNativeTarget "MyIntentAppUITests" */;
			buildPhases = (
				DDAF15912E4E2C5700CC99ED /* Sources */,
				DDAF15922E4E2C5700CC99ED /* Frameworks */,
				DDAF15932E4E2C5700CC99ED /* Resources */,
			);
			buildRules = (
			);
			dependencies = (
				DDAF15972E4E2C5700CC99ED /* PBXTargetDependency */,
			);
			fileSystemSynchronizedGroups = (
				DDAF15982E4E2C5700CC99ED /* MyIntentAppUITests */,
			);
			name = MyIntentAppUITests;
			packageProductDependencies = (
			);
			productName = MyIntentAppUITests;
			productReference = DDAF15952E4E2C5700CC99ED /* MyIntentAppUITests.xctest */;
			productType = "com.apple.product-type.bundle.ui-testing";
		};
/* End PBXNativeTarget section */

/* Begin PBXProject section */
		DDAF15732E4E2C5600CC99ED /* Project object */ = {
			isa = PBXProject;
			attributes = {
				BuildIndependentTargetsInParallel = 1;
				LastSwiftUpdateCheck = 1620;
				LastUpgradeCheck = 1620;
				TargetAttributes = {
					DDAF157A2E4E2C5600CC99ED = {
						CreatedOnToolsVersion = 16.2;
					};
					DDAF158A2E4E2C5700CC99ED = {
						CreatedOnToolsVersion = 16.2;
						TestTargetID = DDAF157A2E4E2C5600CC99ED;
					};
					DDAF15942E4E2C5700CC99ED = {
						CreatedOnToolsVersion = 16.2;
						TestTargetID = DDAF157A2E4E2C5600CC99ED;
					};
				};
			};
			buildConfigurationList = DDAF15762E4E2C5600CC99ED /* Build configuration list for PBXProject "MyIntentApp" */;
			developmentRegion = en;
			hasScannedForEncodings = 0;
			knownRegions = (
				en,
				Base,
			);
			mainGroup = DDAF15722E4E2C5600CC99ED;
			minimizedProjectReferenceProxies = 1;
			preferredProjectObjectVersion = 77;
			productRefGroup = DDAF157C2E4E2C5600CC99ED /* Products */;
			projectDirPath = "";
			projectRoot = "";
			targets = (
				DDAF157A2E4E2C5600CC99ED /* MyIntentApp */,
				DDAF158A2E4E2C5700CC99ED /* MyIntentAppTests */,
				DDAF15942E4E2C5700CC99ED /* MyIntentAppUITests */,
			);
		};
/* End PBXProject section */

/* Begin PBXResourcesBuildPhase section */
		DDAF15792E4E2C5600CC99ED /* Resources */ = {
			isa = PBXResourcesBuildPhase;
			buildActionMask = 2147483647;
			files = (
			);
			runOnlyForDeploymentPostprocessing = 0;
		};
		DDAF15892E4E2C5700CC99ED /* Resources */ = {
			isa = PBXResourcesBuildPhase;
			buildActionMask = 2147483647;
			files = (
			);
			runOnlyForDeploymentPostprocessing = 0;
		};
		DDAF15932E4E2C5700CC99ED /* Resources */ = {
			isa = PBXResourcesBuildPhase;
			buildActionMask = 2147483647;
			files = (
			);
			runOnlyForDeploymentPostprocessing = 0;
		};
/* End PBXResourcesBuildPhase section */

/* Begin PBXSourcesBuildPhase section */
		DDAF15772E4E2C5600CC99ED /* Sources */ = {
			isa = PBXSourcesBuildPhase;
			buildActionMask = 2147483647;
			files = (
			);
			runOnlyForDeploymentPostprocessing = 0;
		};
		DDAF15872E4E2C5700CC99ED /* Sources */ = {
			isa = PBXSourcesBuildPhase;
			buildActionMask = 2147483647;
			files = (
			);
			runOnlyForDeploymentPostprocessing = 0;
		};
		DDAF15912E4E2C5700CC99ED /* Sources */ = {
			isa = PBXSourcesBuildPhase;
			buildActionMask = 2147483647;
			files = (
			);
			runOnlyForDeploymentPostprocessing = 0;
		};
/* End PBXSourcesBuildPhase section */

/* Begin PBXTargetDependency section */
		DDAF158D2E4E2C5700CC99ED /* PBXTargetDependency */ = {
			isa = PBXTargetDependency;
			target = DDAF157A2E4E2C5600CC99ED /* MyIntentApp */;
			targetProxy = DDAF158C2E4E2C5700CC99ED /* PBXContainerItemProxy */;
		};
		DDAF15972E4E2C5700CC99ED /* PBXTargetDependency */ = {
			isa = PBXTargetDependency;
			target = DDAF157A2E4E2C5600CC99ED /* MyIntentApp */;
			targetProxy = DDAF15962E4E2C5700CC99ED /* PBXContainerItemProxy */;
		};
/* End PBXTargetDependency section */

/* Begin XCBuildConfiguration section */
		DDAF159D2E4E2C5700CC99ED /* Debug */ = {
			isa = XCBuildConfiguration;
			buildSettings = {
				ALWAYS_SEARCH_USER_PATHS = NO;
				ASSETCATALOG_COMPILER_GENERATE_SWIFT_ASSET_SYMBOL_EXTENSIONS = YES;
				CLANG_ANALYZER_NONNULL = YES;
				CLANG_ANALYZER_NUMBER_OBJECT_CONVERSION = YES_AGGRESSIVE;
				CLANG_CXX_LANGUAGE_STANDARD = "gnu++20";
				CLANG_ENABLE_MODULES = YES;
				CLANG_ENABLE_OBJC_ARC = YES;
				CLANG_ENABLE_OBJC_WEAK = YES;
				CLANG_WARN_BLOCK_CAPTURE_AUTORELEASING = YES;
				CLANG_WARN_BOOL_CONVERSION = YES;
				CLANG_WARN_COMMA = YES;
				CLANG_WARN_CONSTANT_CONVERSION = YES;
				CLANG_WARN_DEPRECATED_OBJC_IMPLEMENTATIONS = YES;
				CLANG_WARN_DIRECT_OBJC_ISA_USAGE = YES_ERROR;
				CLANG_WARN_DOCUMENTATION_COMMENTS = YES;
				CLANG_WARN_EMPTY_BODY = YES;
				CLANG_WARN_ENUM_CONVERSION = YES;
				CLANG_WARN_INFINITE_RECURSION = YES;
				CLANG_WARN_INT_CONVERSION = YES;
				CLANG_WARN_NON_LITERAL_NULL_CONVERSION = YES;
				CLANG_WARN_OBJC_IMPLICIT_RETAIN_SELF = YES;
				CLANG_WARN_OBJC_LITERAL_CONVERSION = YES;
				CLANG_WARN_OBJC_ROOT_CLASS = YES_ERROR;
				CLANG_WARN_QUOTED_INCLUDE_IN_FRAMEWORK_HEADER = YES;
				CLANG_WARN_RANGE_LOOP_ANALYSIS = YES;
				CLANG_WARN_STRICT_PROTOTYPES = YES;
				CLANG_WARN_SUSPICIOUS_MOVE = YES;
				CLANG_WARN_UNGUARDED_AVAILABILITY = YES_AGGRESSIVE;
				CLANG_WARN_UNREACHABLE_CODE = YES;
				CLANG_WARN__DUPLICATE_METHOD_MATCH = YES;
				COPY_PHASE_STRIP = NO;
				DEBUG_INFORMATION_FORMAT = dwarf;
				ENABLE_STRICT_OBJC_MSGSEND = YES;
				ENABLE_TESTABILITY = YES;
				ENABLE_USER_SCRIPT_SANDBOXING = YES;
				GCC_C_LANGUAGE_STANDARD = gnu17;
				GCC_DYNAMIC_NO_PIC = NO;
				GCC_NO_COMMON_BLOCKS = YES;
				GCC_OPTIMIZATION_LEVEL = 0;
				GCC_PREPROCESSOR_DEFINITIONS = (
					"DEBUG=1",
					"$(inherited)",
				);
				GCC_WARN_64_TO_32_BIT_CONVERSION = YES;
				GCC_WARN_ABOUT_RETURN_TYPE = YES_ERROR;
				GCC_WARN_UNDECLARED_SELECTOR = YES;
				GCC_WARN_UNINITIALIZED_AUTOS = YES_AGGRESSIVE;
				GCC_WARN_UNUSED_FUNCTION = YES;
				GCC_WARN_UNUSED_VARIABLE = YES;
				IPHONEOS_DEPLOYMENT_TARGET = 18.2;
				LOCALIZATION_PREFERS_STRING_CATALOGS = YES;
				MTL_ENABLE_DEBUG_INFO = INCLUDE_SOURCE;
				MTL_FAST_MATH = YES;
				ONLY_ACTIVE_ARCH = YES;
				SDKROOT = iphoneos;
				SWIFT_ACTIVE_COMPILATION_CONDITIONS = "DEBUG $(inherited)";
				SWIFT_OPTIMIZATION_LEVEL = "-Onone";
			};
			name = Debug;
		};
		DDAF159E2E4E2C5700CC99ED /* Release */ = {
			isa = XCBuildConfiguration;
			buildSettings = {
				ALWAYS_SEARCH_USER_PATHS = NO;
				ASSETCATALOG_COMPILER_GENERATE_SWIFT_ASSET_SYMBOL_EXTENSIONS = YES;
				CLANG_ANALYZER_NONNULL = YES;
				CLANG_ANALYZER_NUMBER_OBJECT_CONVERSION = YES_AGGRESSIVE;
				CLANG_CXX_LANGUAGE_STANDARD = "gnu++20";
				CLANG_ENABLE_MODULES = YES;
				CLANG_ENABLE_OBJC_ARC = YES;
				CLANG_ENABLE_OBJC_WEAK = YES;
				CLANG_WARN_BLOCK_CAPTURE_AUTORELEASING = YES;
				CLANG_WARN_BOOL_CONVERSION = YES;
				CLANG_WARN_COMMA = YES;
				CLANG_WARN_CONSTANT_CONVERSION = YES;
				CLANG_WARN_DEPRECATED_OBJC_IMPLEMENTATIONS = YES;
				CLANG_WARN_DIRECT_OBJC_ISA_USAGE = YES_ERROR;
				CLANG_WARN_DOCUMENTATION_COMMENTS = YES;
				CLANG_WARN_EMPTY_BODY = YES;
				CLANG_WARN_ENUM_CONVERSION = YES;
				CLANG_WARN_INFINITE_RECURSION = YES;
				CLANG_WARN_INT_CONVERSION = YES;
				CLANG_WARN_NON_LITERAL_NULL_CONVERSION = YES;
				CLANG_WARN_OBJC_IMPLICIT_RETAIN_SELF = YES;
				CLANG_WARN_OBJC_LITERAL_CONVERSION = YES;
				CLANG_WARN_OBJC_ROOT_CLASS = YES_ERROR;
				CLANG_WARN_QUOTED_INCLUDE_IN_FRAMEWORK_HEADER = YES;
				CLANG_WARN_RANGE_LOOP_ANALYSIS = YES;
				CLANG_WARN_STRICT_PROTOTYPES = YES;
				CLANG_WARN_SUSPICIOUS_MOVE = YES;
				CLANG_WARN_UNGUARDED_AVAILABILITY = YES_AGGRESSIVE;
				CLANG_WARN_UNREACHABLE_CODE = YES;
				CLANG_WARN__DUPLICATE_METHOD_MATCH = YES;
				COPY_PHASE_STRIP = NO;
				DEBUG_INFORMATION_FORMAT = "dwarf-with-dsym";
				ENABLE_NS_ASSERTIONS = NO;
				ENABLE_STRICT_OBJC_MSGSEND = YES;
				ENABLE_USER_SCRIPT_SANDBOXING = YES;
				GCC_C_LANGUAGE_STANDARD = gnu17;
				GCC_NO_COMMON_BLOCKS = YES;
				GCC_WARN_64_TO_32_BIT_CONVERSION = YES;
				GCC_WARN_ABOUT_RETURN_TYPE = YES_ERROR;
				GCC_WARN_UNDECLARED_SELECTOR = YES;
				GCC_WARN_UNINITIALIZED_AUTOS = YES_AGGRESSIVE;
				GCC_WARN_UNUSED_FUNCTION = YES;
				GCC_WARN_UNUSED_VARIABLE = YES;
				IPHONEOS_DEPLOYMENT_TARGET = 18.2;
				LOCALIZATION_PREFERS_STRING_CATALOGS = YES;
				MTL_ENABLE_DEBUG_INFO = NO;
				MTL_FAST_MATH = YES;
				SDKROOT = iphoneos;
				SWIFT_COMPILATION_MODE = wholemodule;
				VALIDATE_PRODUCT = YES;
			};
			name = Release;
		};
		DDAF15A02E4E2C5700CC99ED /* Debug */ = {
			isa = XCBuildConfiguration;
			buildSettings = {
				ASSETCATALOG_COMPILER_APPICON_NAME = AppIcon;
				ASSETCATALOG_COMPILER_GLOBAL_ACCENT_COLOR_NAME = AccentColor;
				CODE_SIGN_STYLE = Automatic;
				CURRENT_PROJECT_VERSION = 1;
				DEVELOPMENT_ASSET_PATHS = "\"MyIntentApp/Preview Content\"";
				DEVELOPMENT_TEAM = C3VXT38ZCQ;
				ENABLE_PREVIEWS = YES;
				GENERATE_INFOPLIST_FILE = YES;
				INFOPLIST_FILE = MyIntentApp/Info.plist;
				INFOPLIST_KEY_UIApplicationSceneManifest_Generation = YES;
				INFOPLIST_KEY_UIApplicationSupportsIndirectInputEvents = YES;
				INFOPLIST_KEY_UILaunchScreen_Generation = YES;
				INFOPLIST_KEY_UISupportedInterfaceOrientations_iPad = "UIInterfaceOrientationPortrait UIInterfaceOrientationPortraitUpsideDown UIInterfaceOrientationLandscapeLeft UIInterfaceOrientationLandscapeRight";
				INFOPLIST_KEY_UISupportedInterfaceOrientations_iPhone = "UIInterfaceOrientationPortrait UIInterfaceOrientationLandscapeLeft UIInterfaceOrientationLandscapeRight";
				LD_RUNPATH_SEARCH_PATHS = (
					"$(inherited)",
					"@executable_path/Frameworks",
				);
				MARKETING_VERSION = 1.0;
				PRODUCT_BUNDLE_IDENTIFIER = com.weihup.MyIntentApp;
				PRODUCT_NAME = "$(TARGET_NAME)";
				SWIFT_EMIT_LOC_STRINGS = YES;
				SWIFT_VERSION = 5.0;
				TARGETED_DEVICE_FAMILY = "1,2";
			};
			name = Debug;
		};
		DDAF15A12E4E2C5700CC99ED /* Release */ = {
			isa = XCBuildConfiguration;
			buildSettings = {
				ASSETCATALOG_COMPILER_APPICON_NAME = AppIcon;
				ASSETCATALOG_COMPILER_GLOBAL_ACCENT_COLOR_NAME = AccentColor;
				CODE_SIGN_STYLE = Automatic;
				CURRENT_PROJECT_VERSION = 1;
				DEVELOPMENT_ASSET_PATHS = "\"MyIntentApp/Preview Content\"";
				DEVELOPMENT_TEAM = C3VXT38ZCQ;
				ENABLE_PREVIEWS = YES;
				GENERATE_INFOPLIST_FILE = YES;
				INFOPLIST_FILE = MyIntentApp/Info.plist;
				INFOPLIST_KEY_UIApplicationSceneManifest_Generation = YES;
				INFOPLIST_KEY_UIApplicationSupportsIndirectInputEvents = YES;
				INFOPLIST_KEY_UILaunchScreen_Generation = YES;
				INFOPLIST_KEY_UISupportedInterfaceOrientations_iPad = "UIInterfaceOrientationPortrait UIInterfaceOrientationPortraitUpsideDown UIInterfaceOrientationLandscapeLeft UIInterfaceOrientationLandscapeRight";
				INFOPLIST_KEY_UISupportedInterfaceOrientations_iPhone = "UIInterfaceOrientationPortrait UIInterfaceOrientationLandscapeLeft UIInterfaceOrientationLandscapeRight";
				LD_RUNPATH_SEARCH_PATHS = (
					"$(inherited)",
					"@executable_path/Frameworks",
				);
				MARKETING_VERSION = 1.0;
				PRODUCT_BUNDLE_IDENTIFIER = com.weihup.MyIntentApp;
				PRODUCT_NAME = "$(TARGET_NAME)";
				SWIFT_EMIT_LOC_STRINGS = YES;
				SWIFT_VERSION = 5.0;
				TARGETED_DEVICE_FAMILY = "1,2";
			};
			name = Release;
		};
		DDAF15A32E4E2C5700CC99ED /* Debug */ = {
			isa = XCBuildConfiguration;
			buildSettings = {
				BUNDLE_LOADER = "$(TEST_HOST)";
				CODE_SIGN_STYLE = Automatic;
				CURRENT_PROJECT_VERSION = 1;
				DEVELOPMENT_TEAM = C3VXT38ZCQ;
				GENERATE_INFOPLIST_FILE = YES;
				IPHONEOS_DEPLOYMENT_TARGET = 18.2;
				MARKETING_VERSION = 1.0;
				PRODUCT_BUNDLE_IDENTIFIER = com.weihup.MyIntentAppTests;
				PRODUCT_NAME = "$(TARGET_NAME)";
				SWIFT_EMIT_LOC_STRINGS = NO;
				SWIFT_VERSION = 5.0;
				TARGETED_DEVICE_FAMILY = "1,2";
				TEST_HOST = "$(BUILT_PRODUCTS_DIR)/MyIntentApp.app/$(BUNDLE_EXECUTABLE_FOLDER_PATH)/MyIntentApp";
			};
			name = Debug;
		};
		DDAF15A42E4E2C5700CC99ED /* Release */ = {
			isa = XCBuildConfiguration;
			buildSettings = {
				BUNDLE_LOADER = "$(TEST_HOST)";
				CODE_SIGN_STYLE = Automatic;
				CURRENT_PROJECT_VERSION = 1;
				DEVELOPMENT_TEAM = C3VXT38ZCQ;
				GENERATE_INFOPLIST_FILE = YES;
				IPHONEOS_DEPLOYMENT_TARGET = 18.2;
				MARKETING_VERSION = 1.0;
				PRODUCT_BUNDLE_IDENTIFIER = com.weihup.MyIntentAppTests;
				PRODUCT_NAME = "$(TARGET_NAME)";
				SWIFT_EMIT_LOC_STRINGS = NO;
				SWIFT_VERSION = 5.0;
				TARGETED_DEVICE_FAMILY = "1,2";
				TEST_HOST = "$(BUILT_PRODUCTS_DIR)/MyIntentApp.app/$(BUNDLE_EXECUTABLE_FOLDER_PATH)/MyIntentApp";
			};
			name = Release;
		};
		DDAF15A62E4E2C5700CC99ED /* Debug */ = {
			isa = XCBuildConfiguration;
			buildSettings = {
				CODE_SIGN_STYLE = Automatic;
				CURRENT_PROJECT_VERSION = 1;
				DEVELOPMENT_TEAM = C3VXT38ZCQ;
				GENERATE_INFOPLIST_FILE = YES;
				MARKETING_VERSION = 1.0;
				PRODUCT_BUNDLE_IDENTIFIER = com.weihup.MyIntentAppUITests;
				PRODUCT_NAME = "$(TARGET_NAME)";
				SWIFT_EMIT_LOC_STRINGS = NO;
				SWIFT_VERSION = 5.0;
				TARGETED_DEVICE_FAMILY = "1,2";
				TEST_TARGET_NAME = MyIntentApp;
			};
			name = Debug;
		};
		DDAF15A72E4E2C5700CC99ED /* Release */ = {
			isa = XCBuildConfiguration;
			buildSettings = {
				CODE_SIGN_STYLE = Automatic;
				CURRENT_PROJECT_VERSION = 1;
				DEVELOPMENT_TEAM = C3VXT38ZCQ;
				GENERATE_INFOPLIST_FILE = YES;
				MARKETING_VERSION = 1.0;
				PRODUCT_BUNDLE_IDENTIFIER = com.weihup.MyIntentAppUITests;
				PRODUCT_NAME = "$(TARGET_NAME)";
				SWIFT_EMIT_LOC_STRINGS = NO;
				SWIFT_VERSION = 5.0;
				TARGETED_DEVICE_FAMILY = "1,2";
				TEST_TARGET_NAME = MyIntentApp;
			};
			name = Release;
		};
/* End XCBuildConfiguration section */

/* Begin XCConfigurationList section */
		DDAF15762E4E2C5600CC99ED /* Build configuration list for PBXProject "MyIntentApp" */ = {
			isa = XCConfigurationList;
			buildConfigurations = (
				DDAF159D2E4E2C5700CC99ED /* Debug */,
				DDAF159E2E4E2C5700CC99ED /* Release */,
			);
			defaultConfigurationIsVisible = 0;
			defaultConfigurationName = Release;
		};
		DDAF159F2E4E2C5700CC99ED /* Build configuration list for PBXNativeTarget "MyIntentApp" */ = {
			isa = XCConfigurationList;
			buildConfigurations = (
				DDAF15A02E4E2C5700CC99ED /* Debug */,
				DDAF15A12E4E2C5700CC99ED /* Release */,
			);
			defaultConfigurationIsVisible = 0;
			defaultConfigurationName = Release;
		};
		DDAF15A22E4E2C5700CC99ED /* Build configuration list for PBXNativeTarget "MyIntentAppTests" */ = {
			isa = XCConfigurationList;
			buildConfigurations = (
				DDAF15A32E4E2C5700CC99ED /* Debug */,
				DDAF15A42E4E2C5700CC99ED /* Release */,
			);
			defaultConfigurationIsVisible = 0;
			defaultConfigurationName = Release;
		};
		DDAF15A52E4E2C5700CC99ED /* Build configuration list for PBXNativeTarget "MyIntentAppUITests" */ = {
			isa = XCConfigurationList;
			buildConfigurations = (
				DDAF15A62E4E2C5700CC99ED /* Debug */,
				DDAF15A72E4E2C5700CC99ED /* Release */,
			);
			defaultConfigurationIsVisible = 0;
			defaultConfigurationName = Release;
		};
/* End XCConfigurationList section */
	};
	rootObject = DDAF15732E4E2C5600CC99ED /* Project object */;
}
